
Microsoft Visual Studio Solution File, Format Version 12.00
# Visual Studio 15
VisualStudioVersion = 15.0.28010.2026
MinimumVisualStudioVersion = 10.0.40219.1
Project("{FAE04EC0-301F-11D3-BF4B-00C04F79EFBC}") = "Assigment1-Aman-Nanda", "Assigment1-Aman-Nanda\Assigment1-Aman-Nanda.csproj", "{85EF8AC8-3C36-4EC4-A14F-A446931DE034}"
EndProject
Global
	GlobalSection(SolutionConfigurationPlatforms) = preSolution
		Debug|Any CPU = Debug|Any CPU
		Release|Any CPU = Release|Any CPU
	EndGlobalSection
	GlobalSection(ProjectConfigurationPlatforms) = postSolution
		{85EF8AC8-3C36-4EC4-A14F-A446931DE034}.Debug|Any CPU.ActiveCfg = Debug|Any CPU
		{85EF8AC8-3C36-4EC4-A14F-A446931DE034}.Debug|Any CPU.Build.0 = Debug|Any CPU
		{85EF8AC8-3C36-4EC4-A14F-A446931DE034}.Release|Any CPU.ActiveCfg = Release|Any CPU
		{85EF8AC8-3C36-4EC4-A14F-A446931DE034}.Release|Any CPU.Build.0 = Release|Any CPU
	EndGlobalSection
	GlobalSection(SolutionProperties) = preSolution
		HideSolutionNode = FALSE
	EndGlobalSection
	GlobalSection(ExtensibilityGlobals) = postSolution
		SolutionGuid = {7D4FC47E-63AF-4E20-856C-5C81EA3A9725}
	EndGlobalSection
EndGlobal
